
Microsoft Visual Studio Solution File, Format Version 12.00
# Visual Studio Version 17
VisualStudioVersion = 17.4.33103.184
MinimumVisualStudioVersion = 10.0.40219.1
Project("{888888A0-9F3D-457C-B088-3A5042F75D52}") = "ADAMs", "ADAMs\ADAMs.pyproj", "{F52BD62E-949D-4DDC-BE03-2A73B5F8EBC2}"
EndProject
Global
	GlobalSection(SolutionConfigurationPlatforms) = preSolution
		Debug|Any CPU = Debug|Any CPU
		Release|Any CPU = Release|Any CPU
	EndGlobalSection
	GlobalSection(ProjectConfigurationPlatforms) = postSolution
		{F52BD62E-949D-4DDC-BE03-2A73B5F8EBC2}.Debug|Any CPU.ActiveCfg = Debug|Any CPU
		{F52BD62E-949D-4DDC-BE03-2A73B5F8EBC2}.Release|Any CPU.ActiveCfg = Release|Any CPU
	EndGlobalSection
	GlobalSection(SolutionProperties) = preSolution
		HideSolutionNode = FALSE
	EndGlobalSection
	GlobalSection(ExtensibilityGlobals) = postSolution
		SolutionGuid = {961CD5B1-15A7-4C04-814B-49524E887BE9}
	EndGlobalSection
EndGlobal
